// !$*UTF8*$!
{
	archiveVersion = 1;
	classes = {
	};
	objectVersion = 50;
	objects = {

/* Begin PBXBuildFile section */
		224D6B5A25B87C2C00026987 /* Utilities.swift in Sources */ = {isa = PBXBuildFile; fileRef = 224D6B5925B87C2C00026987 /* Utilities.swift */; };
		225D39FE25B765F6003E31C1 /* AppDelegate.swift in Sources */ = {isa = PBXBuildFile; fileRef = 225D39FD25B765F6003E31C1 /* AppDelegate.swift */; };
		225D3A0025B765F6003E31C1 /* SceneDelegate.swift in Sources */ = {isa = PBXBuildFile; fileRef = 225D39FF25B765F6003E31C1 /* SceneDelegate.swift */; };
		225D3A0225B765F6003E31C1 /* ViewController.swift in Sources */ = {isa = PBXBuildFile; fileRef = 225D3A0125B765F6003E31C1 /* ViewController.swift */; };
		225D3A0525B765F6003E31C1 /* Main.storyboard in Resources */ = {isa = PBXBuildFile; fileRef = 225D3A0325B765F6003E31C1 /* Main.storyboard */; };
		225D3A0825B765F6003E31C1 /* SeatGeeker.xcdatamodeld in Sources */ = {isa = PBXBuildFile; fileRef = 225D3A0625B765F6003E31C1 /* SeatGeeker.xcdatamodeld */; };
		225D3A0A25B765F7003E31C1 /* Assets.xcassets in Resources */ = {isa = PBXBuildFile; fileRef = 225D3A0925B765F7003E31C1 /* Assets.xcassets */; };
		225D3A0D25B765F7003E31C1 /* LaunchScreen.storyboard in Resources */ = {isa = PBXBuildFile; fileRef = 225D3A0B25B765F7003E31C1 /* LaunchScreen.storyboard */; };
		2263805625BA06E900CD739B /* SeatDetailViewController.swift in Sources */ = {isa = PBXBuildFile; fileRef = 2263805525BA06E900CD739B /* SeatDetailViewController.swift */; };
		2287A91A25B803750069ABD6 /* Mo.swift in Sources */ = {isa = PBXBuildFile; fileRef = 2287A91925B803750069ABD6 /* Mo.swift */; };
		2287A91C25B80C480069ABD6 /* Model.swift in Sources */ = {isa = PBXBuildFile; fileRef = 2287A91B25B80C480069ABD6 /* Model.swift */; };
		2288FDE425B847B800D66AD3 /* ViewModel.swift in Sources */ = {isa = PBXBuildFile; fileRef = 2288FDE325B847B800D66AD3 /* ViewModel.swift */; };
		2288FDE625B8492F00D66AD3 /* APIServices.swift in Sources */ = {isa = PBXBuildFile; fileRef = 2288FDE525B8492F00D66AD3 /* APIServices.swift */; };
		22D777EF25B8BA86003DFA0E /* SeatTableViewCell.swift in Sources */ = {isa = PBXBuildFile; fileRef = 22D777EE25B8BA86003DFA0E /* SeatTableViewCell.swift */; };
/* End PBXBuildFile section */

/* Begin PBXFileReference section */
		224D6B5925B87C2C00026987 /* Utilities.swift */ = {isa = PBXFileReference; lastKnownFileType = sourcecode.swift; path = Utilities.swift; sourceTree = "<group>"; };
		225D39FA25B765F6003E31C1 /* SeatGeeker.app */ = {isa = PBXFileReference; explicitFileType = wrapper.application; includeInIndex = 0; path = SeatGeeker.app; sourceTree = BUILT_PRODUCTS_DIR; };
		225D39FD25B765F6003E31C1 /* AppDelegate.swift */ = {isa = PBXFileReference; lastKnownFileType = sourcecode.swift; path = AppDelegate.swift; sourceTree = "<group>"; };
		225D39FF25B765F6003E31C1 /* SceneDelegate.swift */ = {isa = PBXFileReference; lastKnownFileType = sourcecode.swift; path = SceneDelegate.swift; sourceTree = "<group>"; };
		225D3A0125B765F6003E31C1 /* ViewController.swift */ = {isa = PBXFileReference; lastKnownFileType = sourcecode.swift; path = ViewController.swift; sourceTree = "<group>"; };
		225D3A0425B765F6003E31C1 /* Base */ = {isa = PBXFileReference; lastKnownFileType = file.storyboard; name = Base; path = Base.lproj/Main.storyboard; sourceTree = "<group>"; };
		225D3A0725B765F6003E31C1 /* SeatGeeker.xcdatamodel */ = {isa = PBXFileReference; lastKnownFileType = wrapper.xcdatamodel; path = SeatGeeker.xcdatamodel; sourceTree = "<group>"; };
		225D3A0925B765F7003E31C1 /* Assets.xcassets */ = {isa = PBXFileReference; lastKnownFileType = folder.assetcatalog; path = Assets.xcassets; sourceTree = "<group>"; };
		225D3A0C25B765F7003E31C1 /* Base */ = {isa = PBXFileReference; lastKnownFileType = file.storyboard; name = Base; path = Base.lproj/LaunchScreen.storyboard; sourceTree = "<group>"; };
		225D3A0E25B765F7003E31C1 /* Info.plist */ = {isa = PBXFileReference; lastKnownFileType = text.plist.xml; path = Info.plist; sourceTree = "<group>"; };
		2263805525BA06E900CD739B /* SeatDetailViewController.swift */ = {isa = PBXFileReference; lastKnownFileType = sourcecode.swift; path = SeatDetailViewController.swift; sourceTree = "<group>"; };
		2287A91925B803750069ABD6 /* Mo.swift */ = {isa = PBXFileReference; fileEncoding = 4; lastKnownFileType = sourcecode.swift; path = Mo.swift; sourceTree = "<group>"; };
		2287A91B25B80C480069ABD6 /* Model.swift */ = {isa = PBXFileReference; lastKnownFileType = sourcecode.swift; path = Model.swift; sourceTree = "<group>"; };
		2288FDE325B847B800D66AD3 /* ViewModel.swift */ = {isa = PBXFileReference; lastKnownFileType = sourcecode.swift; path = ViewModel.swift; sourceTree = "<group>"; };
		2288FDE525B8492F00D66AD3 /* APIServices.swift */ = {isa = PBXFileReference; lastKnownFileType = sourcecode.swift; path = APIServices.swift; sourceTree = "<group>"; };
		22D777EE25B8BA86003DFA0E /* SeatTableViewCell.swift */ = {isa = PBXFileReference; lastKnownFileType = sourcecode.swift; path = SeatTableViewCell.swift; sourceTree = "<group>"; };
/* End PBXFileReference section */

/* Begin PBXFrameworksBuildPhase section */
		225D39F725B765F6003E31C1 /* Frameworks */ = {
			isa = PBXFrameworksBuildPhase;
			buildActionMask = 2147483647;
			files = (
			);
			runOnlyForDeploymentPostprocessing = 0;
		};
/* End PBXFrameworksBuildPhase section */

/* Begin PBXGroup section */
		225D39F125B765F6003E31C1 = {
			isa = PBXGroup;
			children = (
				225D39FC25B765F6003E31C1 /* SeatGeeker */,
				225D39FB25B765F6003E31C1 /* Products */,
			);
			sourceTree = "<group>";
		};
		225D39FB25B765F6003E31C1 /* Products */ = {
			isa = PBXGroup;
			children = (
				225D39FA25B765F6003E31C1 /* SeatGeeker.app */,
			);
			name = Products;
			sourceTree = "<group>";
		};
		225D39FC25B765F6003E31C1 /* SeatGeeker */ = {
			isa = PBXGroup;
			children = (
				2287A91825B7F96F0069ABD6 /* Supporting Files */,
				2287A91525B7F8E00069ABD6 /* Utilities */,
				2287A91425B7F8C10069ABD6 /* SeatGeek */,
				225D3A0325B765F6003E31C1 /* Main.storyboard */,
				225D3A0625B765F6003E31C1 /* SeatGeeker.xcdatamodeld */,
				225D3A0E25B765F7003E31C1 /* Info.plist */,
			);
			path = SeatGeeker;
			sourceTree = "<group>";
		};
		2263805725BA06F500CD739B /* SeatDetail */ = {
			isa = PBXGroup;
			children = (
				2263805525BA06E900CD739B /* SeatDetailViewController.swift */,
			);
			path = SeatDetail;
			sourceTree = "<group>";
		};
		2287A91425B7F8C10069ABD6 /* SeatGeek */ = {
			isa = PBXGroup;
			children = (
				2287A91925B803750069ABD6 /* Mo.swift */,
				2287A91B25B80C480069ABD6 /* Model.swift */,
				2288FDE325B847B800D66AD3 /* ViewModel.swift */,
				2288FDE525B8492F00D66AD3 /* APIServices.swift */,
				225D3A0125B765F6003E31C1 /* ViewController.swift */,
				2263805725BA06F500CD739B /* SeatDetail */,
				22D777EE25B8BA86003DFA0E /* SeatTableViewCell.swift */,
			);
			path = SeatGeek;
			sourceTree = "<group>";
		};
		2287A91525B7F8E00069ABD6 /* Utilities */ = {
			isa = PBXGroup;
			children = (
				224D6B5925B87C2C00026987 /* Utilities.swift */,
			);
			path = Utilities;
			sourceTree = "<group>";
		};
		2287A91825B7F96F0069ABD6 /* Supporting Files */ = {
			isa = PBXGroup;
			children = (
				225D39FD25B765F6003E31C1 /* AppDelegate.swift */,
				225D39FF25B765F6003E31C1 /* SceneDelegate.swift */,
				225D3A0925B765F7003E31C1 /* Assets.xcassets */,
				225D3A0B25B765F7003E31C1 /* LaunchScreen.storyboard */,
			);
			path = "Supporting Files";
			sourceTree = "<group>";
		};
/* End PBXGroup section */

/* Begin PBXNativeTarget section */
		225D39F925B765F6003E31C1 /* SeatGeeker */ = {
			isa = PBXNativeTarget;
			buildConfigurationList = 225D3A1125B765F7003E31C1 /* Build configuration list for PBXNativeTarget "SeatGeeker" */;
			buildPhases = (
				225D39F625B765F6003E31C1 /* Sources */,
				225D39F725B765F6003E31C1 /* Frameworks */,
				225D39F825B765F6003E31C1 /* Resources */,
			);
			buildRules = (
			);
			dependencies = (
			);
			name = SeatGeeker;
			productName = SeatGeeker;
			productReference = 225D39FA25B765F6003E31C1 /* SeatGeeker.app */;
			productType = "com.apple.product-type.application";
		};
/* End PBXNativeTarget section */

/* Begin PBXProject section */
		225D39F225B765F6003E31C1 /* Project object */ = {
			isa = PBXProject;
			attributes = {
				LastSwiftUpdateCheck = 1150;
				LastUpgradeCheck = 1150;
				ORGANIZATIONNAME = "Pars Digital";
				TargetAttributes = {
					225D39F925B765F6003E31C1 = {
						CreatedOnToolsVersion = 11.5;
					};
				};
			};
			buildConfigurationList = 225D39F525B765F6003E31C1 /* Build configuration list for PBXProject "SeatGeeker" */;
			compatibilityVersion = "Xcode 9.3";
			developmentRegion = en;
			hasScannedForEncodings = 0;
			knownRegions = (
				en,
				Base,
			);
			mainGroup = 225D39F125B765F6003E31C1;
			productRefGroup = 225D39FB25B765F6003E31C1 /* Products */;
			projectDirPath = "";
			projectRoot = "";
			targets = (
				225D39F925B765F6003E31C1 /* SeatGeeker */,
			);
		};
/* End PBXProject section */

/* Begin PBXResourcesBuildPhase section */
		225D39F825B765F6003E31C1 /* Resources */ = {
			isa = PBXResourcesBuildPhase;
			buildActionMask = 2147483647;
			files = (
				225D3A0D25B765F7003E31C1 /* LaunchScreen.storyboard in Resources */,
				225D3A0A25B765F7003E31C1 /* Assets.xcassets in Resources */,
				225D3A0525B765F6003E31C1 /* Main.storyboard in Resources */,
			);
			runOnlyForDeploymentPostprocessing = 0;
		};
/* End PBXResourcesBuildPhase section */

/* Begin PBXSourcesBuildPhase section */
		225D39F625B765F6003E31C1 /* Sources */ = {
			isa = PBXSourcesBuildPhase;
			buildActionMask = 2147483647;
			files = (
				22D777EF25B8BA86003DFA0E /* SeatTableViewCell.swift in Sources */,
				2287A91A25B803750069ABD6 /* Mo.swift in Sources */,
				225D3A0225B765F6003E31C1 /* ViewController.swift in Sources */,
				2288FDE625B8492F00D66AD3 /* APIServices.swift in Sources */,
				225D39FE25B765F6003E31C1 /* AppDelegate.swift in Sources */,
				2287A91C25B80C480069ABD6 /* Model.swift in Sources */,
				2263805625BA06E900CD739B /* SeatDetailViewController.swift in Sources */,
				225D3A0025B765F6003E31C1 /* SceneDelegate.swift in Sources */,
				224D6B5A25B87C2C00026987 /* Utilities.swift in Sources */,
				225D3A0825B765F6003E31C1 /* SeatGeeker.xcdatamodeld in Sources */,
				2288FDE425B847B800D66AD3 /* ViewModel.swift in Sources */,
			);
			runOnlyForDeploymentPostprocessing = 0;
		};
/* End PBXSourcesBuildPhase section */

/* Begin PBXVariantGroup section */
		225D3A0325B765F6003E31C1 /* Main.storyboard */ = {
			isa = PBXVariantGroup;
			children = (
				225D3A0425B765F6003E31C1 /* Base */,
			);
			name = Main.storyboard;
			sourceTree = "<group>";
		};
		225D3A0B25B765F7003E31C1 /* LaunchScreen.storyboard */ = {
			isa = PBXVariantGroup;
			children = (
				225D3A0C25B765F7003E31C1 /* Base */,
			);
			name = LaunchScreen.storyboard;
			sourceTree = "<group>";
		};
/* End PBXVariantGroup section */

/* Begin XCBuildConfiguration section */
		225D3A0F25B765F7003E31C1 /* Debug */ = {
			isa = XCBuildConfiguration;
			buildSettings = {
				ALWAYS_SEARCH_USER_PATHS = NO;
				CLANG_ANALYZER_NONNULL = YES;
				CLANG_ANALYZER_NUMBER_OBJECT_CONVERSION = YES_AGGRESSIVE;
				CLANG_CXX_LANGUAGE_STANDARD = "gnu++14";
				CLANG_CXX_LIBRARY = "libc++";
				CLANG_ENABLE_MODULES = YES;
				CLANG_ENABLE_OBJC_ARC = YES;
				CLANG_ENABLE_OBJC_WEAK = YES;
				CLANG_WARN_BLOCK_CAPTURE_AUTORELEASING = YES;
				CLANG_WARN_BOOL_CONVERSION = YES;
				CLANG_WARN_COMMA = YES;
				CLANG_WARN_CONSTANT_CONVERSION = YES;
				CLANG_WARN_DEPRECATED_OBJC_IMPLEMENTATIONS = YES;
				CLANG_WARN_DIRECT_OBJC_ISA_USAGE = YES_ERROR;
				CLANG_WARN_DOCUMENTATION_COMMENTS = YES;
				CLANG_WARN_EMPTY_BODY = YES;
				CLANG_WARN_ENUM_CONVERSION = YES;
				CLANG_WARN_INFINITE_RECURSION = YES;
				CLANG_WARN_INT_CONVERSION = YES;
				CLANG_WARN_NON_LITERAL_NULL_CONVERSION = YES;
				CLANG_WARN_OBJC_IMPLICIT_RETAIN_SELF = YES;
				CLANG_WARN_OBJC_LITERAL_CONVERSION = YES;
				CLANG_WARN_OBJC_ROOT_CLASS = YES_ERROR;
				CLANG_WARN_RANGE_LOOP_ANALYSIS = YES;
				CLANG_WARN_STRICT_PROTOTYPES = YES;
				CLANG_WARN_SUSPICIOUS_MOVE = YES;
				CLANG_WARN_UNGUARDED_AVAILABILITY = YES_AGGRESSIVE;
				CLANG_WARN_UNREACHABLE_CODE = YES;
				CLANG_WARN__DUPLICATE_METHOD_MATCH = YES;
				COPY_PHASE_STRIP = NO;
				DEBUG_INFORMATION_FORMAT = dwarf;
				ENABLE_STRICT_OBJC_MSGSEND = YES;
				ENABLE_TESTABILITY = YES;
				GCC_C_LANGUAGE_STANDARD = gnu11;
				GCC_DYNAMIC_NO_PIC = NO;
				GCC_NO_COMMON_BLOCKS = YES;
				GCC_OPTIMIZATION_LEVEL = 0;
				GCC_PREPROCESSOR_DEFINITIONS = (
					"DEBUG=1",
					"$(inherited)",
				);
				GCC_WARN_64_TO_32_BIT_CONVERSION = YES;
				GCC_WARN_ABOUT_RETURN_TYPE = YES_ERROR;
				GCC_WARN_UNDECLARED_SELECTOR = YES;
				GCC_WARN_UNINITIALIZED_AUTOS = YES_AGGRESSIVE;
				GCC_WARN_UNUSED_FUNCTION = YES;
				GCC_WARN_UNUSED_VARIABLE = YES;
				IPHONEOS_DEPLOYMENT_TARGET = 13.5;
				MTL_ENABLE_DEBUG_INFO = INCLUDE_SOURCE;
				MTL_FAST_MATH = YES;
				ONLY_ACTIVE_ARCH = YES;
				SDKROOT = iphoneos;
				SWIFT_ACTIVE_COMPILATION_CONDITIONS = DEBUG;
				SWIFT_OPTIMIZATION_LEVEL = "-Onone";
			};
			name = Debug;
		};
		225D3A1025B765F7003E31C1 /* Release */ = {
			isa = XCBuildConfiguration;
			buildSettings = {
				ALWAYS_SEARCH_USER_PATHS = NO;
				CLANG_ANALYZER_NONNULL = YES;
				CLANG_ANALYZER_NUMBER_OBJECT_CONVERSION = YES_AGGRESSIVE;
				CLANG_CXX_LANGUAGE_STANDARD = "gnu++14";
				CLANG_CXX_LIBRARY = "libc++";
				CLANG_ENABLE_MODULES = YES;
				CLANG_ENABLE_OBJC_ARC = YES;
				CLANG_ENABLE_OBJC_WEAK = YES;
				CLANG_WARN_BLOCK_CAPTURE_AUTORELEASING = YES;
				CLANG_WARN_BOOL_CONVERSION = YES;
				CLANG_WARN_COMMA = YES;
				CLANG_WARN_CONSTANT_CONVERSION = YES;
				CLANG_WARN_DEPRECATED_OBJC_IMPLEMENTATIONS = YES;
				CLANG_WARN_DIRECT_OBJC_ISA_USAGE = YES_ERROR;
				CLANG_WARN_DOCUMENTATION_COMMENTS = YES;
				CLANG_WARN_EMPTY_BODY = YES;
				CLANG_WARN_ENUM_CONVERSION = YES;
				CLANG_WARN_INFINITE_RECURSION = YES;
				CLANG_WARN_INT_CONVERSION = YES;
				CLANG_WARN_NON_LITERAL_NULL_CONVERSION = YES;
				CLANG_WARN_OBJC_IMPLICIT_RETAIN_SELF = YES;
				CLANG_WARN_OBJC_LITERAL_CONVERSION = YES;
				CLANG_WARN_OBJC_ROOT_CLASS = YES_ERROR;
				CLANG_WARN_RANGE_LOOP_ANALYSIS = YES;
				CLANG_WARN_STRICT_PROTOTYPES = YES;
				CLANG_WARN_SUSPICIOUS_MOVE = YES;
				CLANG_WARN_UNGUARDED_AVAILABILITY = YES_AGGRESSIVE;
				CLANG_WARN_UNREACHABLE_CODE = YES;
				CLANG_WARN__DUPLICATE_METHOD_MATCH = YES;
				COPY_PHASE_STRIP = NO;
				DEBUG_INFORMATION_FORMAT = "dwarf-with-dsym";
				ENABLE_NS_ASSERTIONS = NO;
				ENABLE_STRICT_OBJC_MSGSEND = YES;
				GCC_C_LANGUAGE_STANDARD = gnu11;
				GCC_NO_COMMON_BLOCKS = YES;
				GCC_WARN_64_TO_32_BIT_CONVERSION = YES;
				GCC_WARN_ABOUT_RETURN_TYPE = YES_ERROR;
				GCC_WARN_UNDECLARED_SELECTOR = YES;
				GCC_WARN_UNINITIALIZED_AUTOS = YES_AGGRESSIVE;
				GCC_WARN_UNUSED_FUNCTION = YES;
				GCC_WARN_UNUSED_VARIABLE = YES;
				IPHONEOS_DEPLOYMENT_TARGET = 13.5;
				MTL_ENABLE_DEBUG_INFO = NO;
				MTL_FAST_MATH = YES;
				SDKROOT = iphoneos;
				SWIFT_COMPILATION_MODE = wholemodule;
				SWIFT_OPTIMIZATION_LEVEL = "-O";
				VALIDATE_PRODUCT = YES;
			};
			name = Release;
		};
		225D3A1225B765F7003E31C1 /* Debug */ = {
			isa = XCBuildConfiguration;
			buildSettings = {
				ASSETCATALOG_COMPILER_APPICON_NAME = AppIcon;
				CODE_SIGN_STYLE = Automatic;
				DEVELOPMENT_TEAM = G5V28598P5;
				INFOPLIST_FILE = SeatGeeker/Info.plist;
				LD_RUNPATH_SEARCH_PATHS = (
					"$(inherited)",
					"@executable_path/Frameworks",
				);
				PRODUCT_BUNDLE_IDENTIFIER = ParsDigital.SeatGeeker;
				PRODUCT_NAME = "$(TARGET_NAME)";
				SWIFT_VERSION = 5.0;
				TARGETED_DEVICE_FAMILY = "1,2";
			};
			name = Debug;
		};
		225D3A1325B765F7003E31C1 /* Release */ = {
			isa = XCBuildConfiguration;
			buildSettings = {
				ASSETCATALOG_COMPILER_APPICON_NAME = AppIcon;
				CODE_SIGN_STYLE = Automatic;
				DEVELOPMENT_TEAM = G5V28598P5;
				INFOPLIST_FILE = SeatGeeker/Info.plist;
				LD_RUNPATH_SEARCH_PATHS = (
					"$(inherited)",
					"@executable_path/Frameworks",
				);
				PRODUCT_BUNDLE_IDENTIFIER = ParsDigital.SeatGeeker;
				PRODUCT_NAME = "$(TARGET_NAME)";
				SWIFT_VERSION = 5.0;
				TARGETED_DEVICE_FAMILY = "1,2";
			};
			name = Release;
		};
/* End XCBuildConfiguration section */

/* Begin XCConfigurationList section */
		225D39F525B765F6003E31C1 /* Build configuration list for PBXProject "SeatGeeker" */ = {
			isa = XCConfigurationList;
			buildConfigurations = (
				225D3A0F25B765F7003E31C1 /* Debug */,
				225D3A1025B765F7003E31C1 /* Release */,
			);
			defaultConfigurationIsVisible = 0;
			defaultConfigurationName = Release;
		};
		225D3A1125B765F7003E31C1 /* Build configuration list for PBXNativeTarget "SeatGeeker" */ = {
			isa = XCConfigurationList;
			buildConfigurations = (
				225D3A1225B765F7003E31C1 /* Debug */,
				225D3A1325B765F7003E31C1 /* Release */,
			);
			defaultConfigurationIsVisible = 0;
			defaultConfigurationName = Release;
		};
/* End XCConfigurationList section */

/* Begin XCVersionGroup section */
		225D3A0625B765F6003E31C1 /* SeatGeeker.xcdatamodeld */ = {
			isa = XCVersionGroup;
			children = (
				225D3A0725B765F6003E31C1 /* SeatGeeker.xcdatamodel */,
			);
			currentVersion = 225D3A0725B765F6003E31C1 /* SeatGeeker.xcdatamodel */;
			path = SeatGeeker.xcdatamodeld;
			sourceTree = "<group>";
			versionGroupType = wrapper.xcdatamodel;
		};
/* End XCVersionGroup section */
	};
	rootObject = 225D39F225B765F6003E31C1 /* Project object */;
}
